
Microsoft Visual Studio Solution File, Format Version 12.00
# Visual Studio Version 17
VisualStudioVersion = 17.5.33530.505
MinimumVisualStudioVersion = 10.0.40219.1
Project("{FAE04EC0-301F-11D3-BF4B-00C04F79EFBC}") = "ProyectoFinal.Android", "ProyectoFinal\ProyectoFinal.Android\ProyectoFinal.Android.csproj", "{5E0C5425-5254-49DF-9EE0-8E49488723DD}"
EndProject
Project("{FAE04EC0-301F-11D3-BF4B-00C04F79EFBC}") = "ProyectoFinal", "ProyectoFinal\ProyectoFinal\ProyectoFinal.csproj", "{71C28956-6772-4EBC-86F3-0807CB7893FE}"
EndProject
Global
	GlobalSection(SolutionConfigurationPlatforms) = preSolution
		Debug|Any CPU = Debug|Any CPU
		Release|Any CPU = Release|Any CPU
	EndGlobalSection
	GlobalSection(ProjectConfigurationPlatforms) = postSolution
		{5E0C5425-5254-49DF-9EE0-8E49488723DD}.Debug|Any CPU.ActiveCfg = Debug|Any CPU
		{5E0C5425-5254-49DF-9EE0-8E49488723DD}.Debug|Any CPU.Build.0 = Debug|Any CPU
		{5E0C5425-5254-49DF-9EE0-8E49488723DD}.Debug|Any CPU.Deploy.0 = Debug|Any CPU
		{5E0C5425-5254-49DF-9EE0-8E49488723DD}.Release|Any CPU.ActiveCfg = Release|Any CPU
		{5E0C5425-5254-49DF-9EE0-8E49488723DD}.Release|Any CPU.Build.0 = Release|Any CPU
		{5E0C5425-5254-49DF-9EE0-8E49488723DD}.Release|Any CPU.Deploy.0 = Release|Any CPU
		{71C28956-6772-4EBC-86F3-0807CB7893FE}.Debug|Any CPU.ActiveCfg = Debug|Any CPU
		{71C28956-6772-4EBC-86F3-0807CB7893FE}.Debug|Any CPU.Build.0 = Debug|Any CPU
		{71C28956-6772-4EBC-86F3-0807CB7893FE}.Debug|Any CPU.Deploy.0 = Debug|Any CPU
		{71C28956-6772-4EBC-86F3-0807CB7893FE}.Release|Any CPU.ActiveCfg = Release|Any CPU
		{71C28956-6772-4EBC-86F3-0807CB7893FE}.Release|Any CPU.Build.0 = Release|Any CPU
		{71C28956-6772-4EBC-86F3-0807CB7893FE}.Release|Any CPU.Deploy.0 = Release|Any CPU
	EndGlobalSection
	GlobalSection(SolutionProperties) = preSolution
		HideSolutionNode = FALSE
	EndGlobalSection
	GlobalSection(ExtensibilityGlobals) = postSolution
		SolutionGuid = {D6EE9532-A1F9-4370-B9D4-306E70010ABF}
	EndGlobalSection
EndGlobal
